// !$*UTF8*$!
{
	archiveVersion = 1;
	classes = {
	};
	objectVersion = 46;
	objects = {

/* Begin PBXBuildFile section */
		C99BB2181D59A23300747BDB /* AppDelegate.swift in Sources */ = {isa = PBXBuildFile; fileRef = C99BB2171D59A23300747BDB /* AppDelegate.swift */; };
		C99BB21A1D59A23300747BDB /* ViewController.swift in Sources */ = {isa = PBXBuildFile; fileRef = C99BB2191D59A23300747BDB /* ViewController.swift */; };
		C99BB21D1D59A23400747BDB /* Main.storyboard in Resources */ = {isa = PBXBuildFile; fileRef = C99BB21B1D59A23400747BDB /* Main.storyboard */; };
		C99BB21F1D59A23500747BDB /* Assets.xcassets in Resources */ = {isa = PBXBuildFile; fileRef = C99BB21E1D59A23500747BDB /* Assets.xcassets */; };
		C99BB2221D59A23500747BDB /* LaunchScreen.storyboard in Resources */ = {isa = PBXBuildFile; fileRef = C99BB2201D59A23500747BDB /* LaunchScreen.storyboard */; };
/* End PBXBuildFile section */

/* Begin PBXFileReference section */
		C99BB2141D59A23100747BDB /* NumberFunFacts.app */ = {isa = PBXFileReference; explicitFileType = wrapper.application; includeInIndex = 0; path = NumberFunFacts.app; sourceTree = BUILT_PRODUCTS_DIR; };
		C99BB2171D59A23300747BDB /* AppDelegate.swift */ = {isa = PBXFileReference; lastKnownFileType = sourcecode.swift; path = AppDelegate.swift; sourceTree = "<group>"; };
		C99BB2191D59A23300747BDB /* ViewController.swift */ = {isa = PBXFileReference; lastKnownFileType = sourcecode.swift; path = ViewController.swift; sourceTree = "<group>"; };
		C99BB21C1D59A23400747BDB /* Base */ = {isa = PBXFileReference; lastKnownFileType = file.storyboard; name = Base; path = Base.lproj/Main.storyboard; sourceTree = "<group>"; };
		C99BB21E1D59A23500747BDB /* Assets.xcassets */ = {isa = PBXFileReference; lastKnownFileType = folder.assetcatalog; path = Assets.xcassets; sourceTree = "<group>"; };
		C99BB2211D59A23500747BDB /* Base */ = {isa = PBXFileReference; lastKnownFileType = file.storyboard; name = Base; path = Base.lproj/LaunchScreen.storyboard; sourceTree = "<group>"; };
		C99BB2231D59A23500747BDB /* Info.plist */ = {isa = PBXFileReference; lastKnownFileType = text.plist.xml; path = Info.plist; sourceTree = "<group>"; };
/* End PBXFileReference section */

/* Begin PBXFrameworksBuildPhase section */
		C99BB2111D59A23000747BDB /* Frameworks */ = {
			isa = PBXFrameworksBuildPhase;
			buildActionMask = 2147483647;
			files = (
			);
			runOnlyForDeploymentPostprocessing = 0;
		};
/* End PBXFrameworksBuildPhase section */

/* Begin PBXGroup section */
		C99BB20B1D59A22F00747BDB = {
			isa = PBXGroup;
			children = (
				C99BB2161D59A23300747BDB /* NumberFunFacts */,
				C99BB2151D59A23100747BDB /* Products */,
			);
			sourceTree = "<group>";
		};
		C99BB2151D59A23100747BDB /* Products */ = {
			isa = PBXGroup;
			children = (
				C99BB2141D59A23100747BDB /* NumberFunFacts.app */,
			);
			name = Products;
			sourceTree = "<group>";
		};
		C99BB2161D59A23300747BDB /* NumberFunFacts */ = {
			isa = PBXGroup;
			children = (
				C99BB2171D59A23300747BDB /* AppDelegate.swift */,
				C99BB2191D59A23300747BDB /* ViewController.swift */,
				C99BB21B1D59A23400747BDB /* Main.storyboard */,
				C99BB21E1D59A23500747BDB /* Assets.xcassets */,
				C99BB2201D59A23500747BDB /* LaunchScreen.storyboard */,
				C99BB2231D59A23500747BDB /* Info.plist */,
			);
			path = NumberFunFacts;
			sourceTree = "<group>";
		};
/* End PBXGroup section */

/* Begin PBXNativeTarget section */
		C99BB2131D59A23000747BDB /* NumberFunFacts */ = {
			isa = PBXNativeTarget;
			buildConfigurationList = C99BB2261D59A23500747BDB /* Build configuration list for PBXNativeTarget "NumberFunFacts" */;
			buildPhases = (
				C99BB2101D59A23000747BDB /* Sources */,
				C99BB2111D59A23000747BDB /* Frameworks */,
				C99BB2121D59A23000747BDB /* Resources */,
			);
			buildRules = (
			);
			dependencies = (
			);
			name = NumberFunFacts;
			productName = NumberFunFacts;
			productReference = C99BB2141D59A23100747BDB /* NumberFunFacts.app */;
			productType = "com.apple.product-type.application";
		};
/* End PBXNativeTarget section */

/* Begin PBXProject section */
		C99BB20C1D59A23000747BDB /* Project object */ = {
			isa = PBXProject;
			attributes = {
				LastSwiftUpdateCheck = 0730;
				LastUpgradeCheck = 0730;
				ORGANIZATIONNAME = della;
				TargetAttributes = {
					C99BB2131D59A23000747BDB = {
						CreatedOnToolsVersion = 7.3.1;
						DevelopmentTeam = B3V4C2NCHL;
					};
				};
			};
			buildConfigurationList = C99BB20F1D59A23000747BDB /* Build configuration list for PBXProject "NumberFunFacts" */;
			compatibilityVersion = "Xcode 3.2";
			developmentRegion = English;
			hasScannedForEncodings = 0;
			knownRegions = (
				en,
				Base,
			);
			mainGroup = C99BB20B1D59A22F00747BDB;
			productRefGroup = C99BB2151D59A23100747BDB /* Products */;
			projectDirPath = "";
			projectRoot = "";
			targets = (
				C99BB2131D59A23000747BDB /* NumberFunFacts */,
			);
		};
/* End PBXProject section */

/* Begin PBXResourcesBuildPhase section */
		C99BB2121D59A23000747BDB /* Resources */ = {
			isa = PBXResourcesBuildPhase;
			buildActionMask = 2147483647;
			files = (
				C99BB2221D59A23500747BDB /* LaunchScreen.storyboard in Resources */,
				C99BB21F1D59A23500747BDB /* Assets.xcassets in Resources */,
				C99BB21D1D59A23400747BDB /* Main.storyboard in Resources */,
			);
			runOnlyForDeploymentPostprocessing = 0;
		};
/* End PBXResourcesBuildPhase section */

/* Begin PBXSourcesBuildPhase section */
		C99BB2101D59A23000747BDB /* Sources */ = {
			isa = PBXSourcesBuildPhase;
			buildActionMask = 2147483647;
			files = (
				C99BB21A1D59A23300747BDB /* ViewController.swift in Sources */,
				C99BB2181D59A23300747BDB /* AppDelegate.swift in Sources */,
			);
			runOnlyForDeploymentPostprocessing = 0;
		};
/* End PBXSourcesBuildPhase section */

/* Begin PBXVariantGroup section */
		C99BB21B1D59A23400747BDB /* Main.storyboard */ = {
			isa = PBXVariantGroup;
			children = (
				C99BB21C1D59A23400747BDB /* Base */,
			);
			name = Main.storyboard;
			sourceTree = "<group>";
		};
		C99BB2201D59A23500747BDB /* LaunchScreen.storyboard */ = {
			isa = PBXVariantGroup;
			children = (
				C99BB2211D59A23500747BDB /* Base */,
			);
			name = LaunchScreen.storyboard;
			sourceTree = "<group>";
		};
/* End PBXVariantGroup section */

/* Begin XCBuildConfiguration section */
		C99BB2241D59A23500747BDB /* Debug */ = {
			isa = XCBuildConfiguration;
			buildSettings = {
				ALWAYS_SEARCH_USER_PATHS = NO;
				CLANG_ANALYZER_NONNULL = YES;
				CLANG_CXX_LANGUAGE_STANDARD = "gnu++0x";
				CLANG_CXX_LIBRARY = "libc++";
				CLANG_ENABLE_MODULES = YES;
				CLANG_ENABLE_OBJC_ARC = YES;
				CLANG_WARN_BOOL_CONVERSION = YES;
				CLANG_WARN_CONSTANT_CONVERSION = YES;
				CLANG_WARN_DIRECT_OBJC_ISA_USAGE = YES_ERROR;
				CLANG_WARN_EMPTY_BODY = YES;
				CLANG_WARN_ENUM_CONVERSION = YES;
				CLANG_WARN_INT_CONVERSION = YES;
				CLANG_WARN_OBJC_ROOT_CLASS = YES_ERROR;
				CLANG_WARN_UNREACHABLE_CODE = YES;
				CLANG_WARN__DUPLICATE_METHOD_MATCH = YES;
				"CODE_SIGN_IDENTITY[sdk=iphoneos*]" = "iPhone Developer";
				COPY_PHASE_STRIP = NO;
				DEBUG_INFORMATION_FORMAT = dwarf;
				ENABLE_STRICT_OBJC_MSGSEND = YES;
				ENABLE_TESTABILITY = YES;
				GCC_C_LANGUAGE_STANDARD = gnu99;
				GCC_DYNAMIC_NO_PIC = NO;
				GCC_NO_COMMON_BLOCKS = YES;
				GCC_OPTIMIZATION_LEVEL = 0;
				GCC_PREPROCESSOR_DEFINITIONS = (
					"DEBUG=1",
					"$(inherited)",
				);
				GCC_WARN_64_TO_32_BIT_CONVERSION = YES;
				GCC_WARN_ABOUT_RETURN_TYPE = YES_ERROR;
				GCC_WARN_UNDECLARED_SELECTOR = YES;
				GCC_WARN_UNINITIALIZED_AUTOS = YES_AGGRESSIVE;
				GCC_WARN_UNUSED_FUNCTION = YES;
				GCC_WARN_UNUSED_VARIABLE = YES;
				IPHONEOS_DEPLOYMENT_TARGET = 9.3;
				MTL_ENABLE_DEBUG_INFO = YES;
				ONLY_ACTIVE_ARCH = YES;
				SDKROOT = iphoneos;
				SWIFT_OPTIMIZATION_LEVEL = "-Onone";
				TARGETED_DEVICE_FAMILY = "1,2";
			};
			name = Debug;
		};
		C99BB2251D59A23500747BDB /* Release */ = {
			isa = XCBuildConfiguration;
			buildSettings = {
				ALWAYS_SEARCH_USER_PATHS = NO;
				CLANG_ANALYZER_NONNULL = YES;
				CLANG_CXX_LANGUAGE_STANDARD = "gnu++0x";
				CLANG_CXX_LIBRARY = "libc++";
				CLANG_ENABLE_MODULES = YES;
				CLANG_ENABLE_OBJC_ARC = YES;
				CLANG_WARN_BOOL_CONVERSION = YES;
				CLANG_WARN_CONSTANT_CONVERSION = YES;
				CLANG_WARN_DIRECT_OBJC_ISA_USAGE = YES_ERROR;
				CLANG_WARN_EMPTY_BODY = YES;
				CLANG_WARN_ENUM_CONVERSION = YES;
				CLANG_WARN_INT_CONVERSION = YES;
				CLANG_WARN_OBJC_ROOT_CLASS = YES_ERROR;
				CLANG_WARN_UNREACHABLE_CODE = YES;
				CLANG_WARN__DUPLICATE_METHOD_MATCH = YES;
				"CODE_SIGN_IDENTITY[sdk=iphoneos*]" = "iPhone Developer";
				COPY_PHASE_STRIP = NO;
				DEBUG_INFORMATION_FORMAT = "dwarf-with-dsym";
				ENABLE_NS_ASSERTIONS = NO;
				ENABLE_STRICT_OBJC_MSGSEND = YES;
				GCC_C_LANGUAGE_STANDARD = gnu99;
				GCC_NO_COMMON_BLOCKS = YES;
				GCC_WARN_64_TO_32_BIT_CONVERSION = YES;
				GCC_WARN_ABOUT_RETURN_TYPE = YES_ERROR;
				GCC_WARN_UNDECLARED_SELECTOR = YES;
				GCC_WARN_UNINITIALIZED_AUTOS = YES_AGGRESSIVE;
				GCC_WARN_UNUSED_FUNCTION = YES;
				GCC_WARN_UNUSED_VARIABLE = YES;
				IPHONEOS_DEPLOYMENT_TARGET = 9.3;
				MTL_ENABLE_DEBUG_INFO = NO;
				SDKROOT = iphoneos;
				TARGETED_DEVICE_FAMILY = "1,2";
				VALIDATE_PRODUCT = YES;
			};
			name = Release;
		};
		C99BB2271D59A23500747BDB /* Debug */ = {
			isa = XCBuildConfiguration;
			buildSettings = {
				ASSETCATALOG_COMPILER_APPICON_NAME = AppIcon;
				CODE_SIGN_IDENTITY = "iPhone Developer";
				INFOPLIST_FILE = NumberFunFacts/Info.plist;
				LD_RUNPATH_SEARCH_PATHS = "$(inherited) @executable_path/Frameworks";
				PRODUCT_BUNDLE_IDENTIFIER = com.della.NumberFunFacts;
				PRODUCT_NAME = "$(TARGET_NAME)";
			};
			name = Debug;
		};
		C99BB2281D59A23500747BDB /* Release */ = {
			isa = XCBuildConfiguration;
			buildSettings = {
				ASSETCATALOG_COMPILER_APPICON_NAME = AppIcon;
				CODE_SIGN_IDENTITY = "iPhone Developer";
				INFOPLIST_FILE = NumberFunFacts/Info.plist;
				LD_RUNPATH_SEARCH_PATHS = "$(inherited) @executable_path/Frameworks";
				PRODUCT_BUNDLE_IDENTIFIER = com.della.NumberFunFacts;
				PRODUCT_NAME = "$(TARGET_NAME)";
			};
			name = Release;
		};
/* End XCBuildConfiguration section */

/* Begin XCConfigurationList section */
		C99BB20F1D59A23000747BDB /* Build configuration list for PBXProject "NumberFunFacts" */ = {
			isa = XCConfigurationList;
			buildConfigurations = (
				C99BB2241D59A23500747BDB /* Debug */,
				C99BB2251D59A23500747BDB /* Release */,
			);
			defaultConfigurationIsVisible = 0;
			defaultConfigurationName = Release;
		};
		C99BB2261D59A23500747BDB /* Build configuration list for PBXNativeTarget "NumberFunFacts" */ = {
			isa = XCConfigurationList;
			buildConfigurations = (
				C99BB2271D59A23500747BDB /* Debug */,
				C99BB2281D59A23500747BDB /* Release */,
			);
			defaultConfigurationIsVisible = 0;
		};
/* End XCConfigurationList section */
	};
	rootObject = C99BB20C1D59A23000747BDB /* Project object */;
}
